<?xml version="1.0" encoding="utf-8"?>
<Project ToolsVersion="4.0" xmlns="http://schemas.microsoft.com/developer/msbuild/2003">
  <ItemGroup>
    <Filter Include="win32">
      <UniqueIdentifier>{17c9c1e8-9f62-4de1-9f8c-d301f934e994}</UniqueIdentifier>
    </Filter>
  </ItemGroup>
  <ItemGroup>
    <ClCompile Include="win32\main.cpp">
      <Filter>win32</Filter>
    </ClCompile>
    <ClCompile Include="BackgroundLayer.cpp" />
    <ClCompile Include="BookNote.cpp" />
    <ClCompile Include="Bullet.cpp" />
    <ClCompile Include="Cannon.cpp" />
    <ClCompile Include="CannonLayer.cpp" />
    <ClCompile Include="Fish.cpp" />
    <ClCompile Include="FishingJoyData.cpp" />
    <ClCompile Include="FishingNet.cpp" />
    <ClCompile Include="FishLayer.cpp" />
    <ClCompile Include="GameScene.cpp" />
    <ClCompile Include="MenuLayer.cpp" />
    <ClCompile Include="PanelLayer.cpp" />
    <ClCompile Include="StaticData.cpp" />
    <ClCompile Include="Weapon.cpp" />
    <ClCompile Include="TouchLayer.cpp" />
    <ClCompile Include="PersonalAudioEngine.cpp" />
    <ClCompile Include="GoldCounterLayer.cpp" />
    <ClCompile Include="Counter.cpp" />
    <ClCompile Include="Classes\AppDelegate.cpp" />
    <ClCompile Include="ScheduleCountDown.cpp" />
  </ItemGroup>
  <ItemGroup>
    <ClInclude Include="win32\main.h">
      <Filter>win32</Filter>
    </ClInclude>
    <ClInclude Include="BackgroundLayer.h" />
    <ClInclude Include="Bullet.h" />
    <ClInclude Include="Cannon.h" />
    <ClInclude Include="CannonLayer.h" />
    <ClInclude Include="Fish.h" />
    <ClInclude Include="FishingJoyData.h" />
    <ClInclude Include="FishingNet.h" />
    <ClInclude Include="FishLayer.h" />
    <ClInclude Include="GameScene.h" />
    <ClInclude Include="MenuLayer.h" />
    <ClInclude Include="PanelLayer.h" />
    <ClInclude Include="StaticData.h" />
    <ClInclude Include="Weapon.h" />
    <ClInclude Include="TouchLayer.h" />
    <ClInclude Include="PersonalAudioEngine.h" />
    <ClInclude Include="GoldCounterLayer.h" />
    <ClInclude Include="Counter.h" />
    <ClInclude Include="Classes\AppDelegate.h" />
    <ClInclude Include="ScheduleCountDown.h" />
    <ClInclude Include="ScheduleCountProtocol.h" />
  </ItemGroup>
</Project>